// !$*UTF8*$!
{
	archiveVersion = 1;
	classes = {
	};
	objectVersion = 56;
	objects = {

/* Begin PBXBuildFile section */
		23048F3D2B37F1690096CE41 /* TestLSTMApp.swift in Sources */ = {isa = PBXBuildFile; fileRef = 23048F3C2B37F1690096CE41 /* TestLSTMApp.swift */; };
		23048F3F2B37F1690096CE41 /* ContentView.swift in Sources */ = {isa = PBXBuildFile; fileRef = 23048F3E2B37F1690096CE41 /* ContentView.swift */; };
		23048F412B37F16A0096CE41 /* Assets.xcassets in Resources */ = {isa = PBXBuildFile; fileRef = 23048F402B37F16A0096CE41 /* Assets.xcassets */; };
		23048F442B37F16A0096CE41 /* Preview Assets.xcassets in Resources */ = {isa = PBXBuildFile; fileRef = 23048F432B37F16A0096CE41 /* Preview Assets.xcassets */; };
		23048F4B2B37F6120096CE41 /* lstm_model.onnx in Resources */ = {isa = PBXBuildFile; fileRef = 23048F4A2B37F6120096CE41 /* lstm_model.onnx */; };
		23048F4E2B3807270096CE41 /* utils.swift in Sources */ = {isa = PBXBuildFile; fileRef = 23048F4D2B3807270096CE41 /* utils.swift */; };
		547F1BC4D82CA97F6C395AF5 /* Pods_TestLSTM.framework in Frameworks */ = {isa = PBXBuildFile; fileRef = 0B45C7CC4732920B52638812 /* Pods_TestLSTM.framework */; };
/* End PBXBuildFile section */

/* Begin PBXFileReference section */
		02E7D96184476BD094E70579 /* Pods-TestLSTM.release.xcconfig */ = {isa = PBXFileReference; includeInIndex = 1; lastKnownFileType = text.xcconfig; name = "Pods-TestLSTM.release.xcconfig"; path = "Target Support Files/Pods-TestLSTM/Pods-TestLSTM.release.xcconfig"; sourceTree = "<group>"; };
		0B45C7CC4732920B52638812 /* Pods_TestLSTM.framework */ = {isa = PBXFileReference; explicitFileType = wrapper.framework; includeInIndex = 0; path = Pods_TestLSTM.framework; sourceTree = BUILT_PRODUCTS_DIR; };
		23048F392B37F1690096CE41 /* TestLSTM.app */ = {isa = PBXFileReference; explicitFileType = wrapper.application; includeInIndex = 0; path = TestLSTM.app; sourceTree = BUILT_PRODUCTS_DIR; };
		23048F3C2B37F1690096CE41 /* TestLSTMApp.swift */ = {isa = PBXFileReference; lastKnownFileType = sourcecode.swift; path = TestLSTMApp.swift; sourceTree = "<group>"; };
		23048F3E2B37F1690096CE41 /* ContentView.swift */ = {isa = PBXFileReference; lastKnownFileType = sourcecode.swift; path = ContentView.swift; sourceTree = "<group>"; };
		23048F402B37F16A0096CE41 /* Assets.xcassets */ = {isa = PBXFileReference; lastKnownFileType = folder.assetcatalog; path = Assets.xcassets; sourceTree = "<group>"; };
		23048F432B37F16A0096CE41 /* Preview Assets.xcassets */ = {isa = PBXFileReference; lastKnownFileType = folder.assetcatalog; path = "Preview Assets.xcassets"; sourceTree = "<group>"; };
		23048F4A2B37F6120096CE41 /* lstm_model.onnx */ = {isa = PBXFileReference; lastKnownFileType = file; path = lstm_model.onnx; sourceTree = "<group>"; };
		23048F4D2B3807270096CE41 /* utils.swift */ = {isa = PBXFileReference; lastKnownFileType = sourcecode.swift; path = utils.swift; sourceTree = "<group>"; };
		6B4609E75A9998AAE32B72B8 /* Pods-TestLSTM.debug.xcconfig */ = {isa = PBXFileReference; includeInIndex = 1; lastKnownFileType = text.xcconfig; name = "Pods-TestLSTM.debug.xcconfig"; path = "Target Support Files/Pods-TestLSTM/Pods-TestLSTM.debug.xcconfig"; sourceTree = "<group>"; };
/* End PBXFileReference section */

/* Begin PBXFrameworksBuildPhase section */
		23048F362B37F1690096CE41 /* Frameworks */ = {
			isa = PBXFrameworksBuildPhase;
			buildActionMask = 2147483647;
			files = (
				547F1BC4D82CA97F6C395AF5 /* Pods_TestLSTM.framework in Frameworks */,
			);
			runOnlyForDeploymentPostprocessing = 0;
		};
/* End PBXFrameworksBuildPhase section */

/* Begin PBXGroup section */
		23048F302B37F1690096CE41 = {
			isa = PBXGroup;
			children = (
				23048F3B2B37F1690096CE41 /* TestLSTM */,
				23048F3A2B37F1690096CE41 /* Products */,
				8EB9312808DE1C0B58FC0FF6 /* Pods */,
				AF5729283291A1BED59615F0 /* Frameworks */,
			);
			sourceTree = "<group>";
		};
		23048F3A2B37F1690096CE41 /* Products */ = {
			isa = PBXGroup;
			children = (
				23048F392B37F1690096CE41 /* TestLSTM.app */,
			);
			name = Products;
			sourceTree = "<group>";
		};
		23048F3B2B37F1690096CE41 /* TestLSTM */ = {
			isa = PBXGroup;
			children = (
				23048F3C2B37F1690096CE41 /* TestLSTMApp.swift */,
				23048F3E2B37F1690096CE41 /* ContentView.swift */,
				23048F4A2B37F6120096CE41 /* lstm_model.onnx */,
				23048F402B37F16A0096CE41 /* Assets.xcassets */,
				23048F4D2B3807270096CE41 /* utils.swift */,
				23048F422B37F16A0096CE41 /* Preview Content */,
			);
			path = TestLSTM;
			sourceTree = "<group>";
		};
		23048F422B37F16A0096CE41 /* Preview Content */ = {
			isa = PBXGroup;
			children = (
				23048F432B37F16A0096CE41 /* Preview Assets.xcassets */,
			);
			path = "Preview Content";
			sourceTree = "<group>";
		};
		8EB9312808DE1C0B58FC0FF6 /* Pods */ = {
			isa = PBXGroup;
			children = (
				6B4609E75A9998AAE32B72B8 /* Pods-TestLSTM.debug.xcconfig */,
				02E7D96184476BD094E70579 /* Pods-TestLSTM.release.xcconfig */,
			);
			path = Pods;
			sourceTree = "<group>";
		};
		AF5729283291A1BED59615F0 /* Frameworks */ = {
			isa = PBXGroup;
			children = (
				0B45C7CC4732920B52638812 /* Pods_TestLSTM.framework */,
			);
			name = Frameworks;
			sourceTree = "<group>";
		};
/* End PBXGroup section */

/* Begin PBXNativeTarget section */
		23048F382B37F1690096CE41 /* TestLSTM */ = {
			isa = PBXNativeTarget;
			buildConfigurationList = 23048F472B37F16A0096CE41 /* Build configuration list for PBXNativeTarget "TestLSTM" */;
			buildPhases = (
				CFD11B097192333672CE2D73 /* [CP] Check Pods Manifest.lock */,
				23048F352B37F1690096CE41 /* Sources */,
				23048F362B37F1690096CE41 /* Frameworks */,
				23048F372B37F1690096CE41 /* Resources */,
			);
			buildRules = (
			);
			dependencies = (
			);
			name = TestLSTM;
			productName = TestLSTM;
			productReference = 23048F392B37F1690096CE41 /* TestLSTM.app */;
			productType = "com.apple.product-type.application";
		};
/* End PBXNativeTarget section */

/* Begin PBXProject section */
		23048F312B37F1690096CE41 /* Project object */ = {
			isa = PBXProject;
			attributes = {
				BuildIndependentTargetsInParallel = 1;
				LastSwiftUpdateCheck = 1510;
				LastUpgradeCheck = 1510;
				TargetAttributes = {
					23048F382B37F1690096CE41 = {
						CreatedOnToolsVersion = 15.1;
					};
				};
			};
			buildConfigurationList = 23048F342B37F1690096CE41 /* Build configuration list for PBXProject "TestLSTM" */;
			compatibilityVersion = "Xcode 14.0";
			developmentRegion = en;
			hasScannedForEncodings = 0;
			knownRegions = (
				en,
				Base,
			);
			mainGroup = 23048F302B37F1690096CE41;
			productRefGroup = 23048F3A2B37F1690096CE41 /* Products */;
			projectDirPath = "";
			projectRoot = "";
			targets = (
				23048F382B37F1690096CE41 /* TestLSTM */,
			);
		};
/* End PBXProject section */

/* Begin PBXResourcesBuildPhase section */
		23048F372B37F1690096CE41 /* Resources */ = {
			isa = PBXResourcesBuildPhase;
			buildActionMask = 2147483647;
			files = (
				23048F442B37F16A0096CE41 /* Preview Assets.xcassets in Resources */,
				23048F4B2B37F6120096CE41 /* lstm_model.onnx in Resources */,
				23048F412B37F16A0096CE41 /* Assets.xcassets in Resources */,
			);
			runOnlyForDeploymentPostprocessing = 0;
		};
/* End PBXResourcesBuildPhase section */

/* Begin PBXShellScriptBuildPhase section */
		CFD11B097192333672CE2D73 /* [CP] Check Pods Manifest.lock */ = {
			isa = PBXShellScriptBuildPhase;
			buildActionMask = 2147483647;
			files = (
			);
			inputFileListPaths = (
			);
			inputPaths = (
				"${PODS_PODFILE_DIR_PATH}/Podfile.lock",
				"${PODS_ROOT}/Manifest.lock",
			);
			name = "[CP] Check Pods Manifest.lock";
			outputFileListPaths = (
			);
			outputPaths = (
				"$(DERIVED_FILE_DIR)/Pods-TestLSTM-checkManifestLockResult.txt",
			);
			runOnlyForDeploymentPostprocessing = 0;
			shellPath = /bin/sh;
			shellScript = "diff \"${PODS_PODFILE_DIR_PATH}/Podfile.lock\" \"${PODS_ROOT}/Manifest.lock\" > /dev/null\nif [ $? != 0 ] ; then\n    # print error to STDERR\n    echo \"error: The sandbox is not in sync with the Podfile.lock. Run 'pod install' or update your CocoaPods installation.\" >&2\n    exit 1\nfi\n# This output is used by Xcode 'outputs' to avoid re-running this script phase.\necho \"SUCCESS\" > \"${SCRIPT_OUTPUT_FILE_0}\"\n";
			showEnvVarsInLog = 0;
		};
/* End PBXShellScriptBuildPhase section */

/* Begin PBXSourcesBuildPhase section */
		23048F352B37F1690096CE41 /* Sources */ = {
			isa = PBXSourcesBuildPhase;
			buildActionMask = 2147483647;
			files = (
				23048F4E2B3807270096CE41 /* utils.swift in Sources */,
				23048F3F2B37F1690096CE41 /* ContentView.swift in Sources */,
				23048F3D2B37F1690096CE41 /* TestLSTMApp.swift in Sources */,
			);
			runOnlyForDeploymentPostprocessing = 0;
		};
/* End PBXSourcesBuildPhase section */

/* Begin XCBuildConfiguration section */
		23048F452B37F16A0096CE41 /* Debug */ = {
			isa = XCBuildConfiguration;
			buildSettings = {
				ALWAYS_SEARCH_USER_PATHS = NO;
				ASSETCATALOG_COMPILER_GENERATE_SWIFT_ASSET_SYMBOL_EXTENSIONS = YES;
				CLANG_ANALYZER_NONNULL = YES;
				CLANG_ANALYZER_NUMBER_OBJECT_CONVERSION = YES_AGGRESSIVE;
				CLANG_CXX_LANGUAGE_STANDARD = "gnu++20";
				CLANG_ENABLE_MODULES = YES;
				CLANG_ENABLE_OBJC_ARC = YES;
				CLANG_ENABLE_OBJC_WEAK = YES;
				CLANG_WARN_BLOCK_CAPTURE_AUTORELEASING = YES;
				CLANG_WARN_BOOL_CONVERSION = YES;
				CLANG_WARN_COMMA = YES;
				CLANG_WARN_CONSTANT_CONVERSION = YES;
				CLANG_WARN_DEPRECATED_OBJC_IMPLEMENTATIONS = YES;
				CLANG_WARN_DIRECT_OBJC_ISA_USAGE = YES_ERROR;
				CLANG_WARN_DOCUMENTATION_COMMENTS = YES;
				CLANG_WARN_EMPTY_BODY = YES;
				CLANG_WARN_ENUM_CONVERSION = YES;
				CLANG_WARN_INFINITE_RECURSION = YES;
				CLANG_WARN_INT_CONVERSION = YES;
				CLANG_WARN_NON_LITERAL_NULL_CONVERSION = YES;
				CLANG_WARN_OBJC_IMPLICIT_RETAIN_SELF = YES;
				CLANG_WARN_OBJC_LITERAL_CONVERSION = YES;
				CLANG_WARN_OBJC_ROOT_CLASS = YES_ERROR;
				CLANG_WARN_QUOTED_INCLUDE_IN_FRAMEWORK_HEADER = YES;
				CLANG_WARN_RANGE_LOOP_ANALYSIS = YES;
				CLANG_WARN_STRICT_PROTOTYPES = YES;
				CLANG_WARN_SUSPICIOUS_MOVE = YES;
				CLANG_WARN_UNGUARDED_AVAILABILITY = YES_AGGRESSIVE;
				CLANG_WARN_UNREACHABLE_CODE = YES;
				CLANG_WARN__DUPLICATE_METHOD_MATCH = YES;
				COPY_PHASE_STRIP = NO;
				DEBUG_INFORMATION_FORMAT = dwarf;
				ENABLE_STRICT_OBJC_MSGSEND = YES;
				ENABLE_TESTABILITY = YES;
				ENABLE_USER_SCRIPT_SANDBOXING = YES;
				GCC_C_LANGUAGE_STANDARD = gnu17;
				GCC_DYNAMIC_NO_PIC = NO;
				GCC_NO_COMMON_BLOCKS = YES;
				GCC_OPTIMIZATION_LEVEL = 0;
				GCC_PREPROCESSOR_DEFINITIONS = (
					"DEBUG=1",
					"$(inherited)",
				);
				GCC_WARN_64_TO_32_BIT_CONVERSION = YES;
				GCC_WARN_ABOUT_RETURN_TYPE = YES_ERROR;
				GCC_WARN_UNDECLARED_SELECTOR = YES;
				GCC_WARN_UNINITIALIZED_AUTOS = YES_AGGRESSIVE;
				GCC_WARN_UNUSED_FUNCTION = YES;
				GCC_WARN_UNUSED_VARIABLE = YES;
				IPHONEOS_DEPLOYMENT_TARGET = 17.2;
				LOCALIZATION_PREFERS_STRING_CATALOGS = YES;
				MTL_ENABLE_DEBUG_INFO = INCLUDE_SOURCE;
				MTL_FAST_MATH = YES;
				ONLY_ACTIVE_ARCH = YES;
				SDKROOT = iphoneos;
				SWIFT_ACTIVE_COMPILATION_CONDITIONS = "DEBUG $(inherited)";
				SWIFT_OPTIMIZATION_LEVEL = "-Onone";
			};
			name = Debug;
		};
		23048F462B37F16A0096CE41 /* Release */ = {
			isa = XCBuildConfiguration;
			buildSettings = {
				ALWAYS_SEARCH_USER_PATHS = NO;
				ASSETCATALOG_COMPILER_GENERATE_SWIFT_ASSET_SYMBOL_EXTENSIONS = YES;
				CLANG_ANALYZER_NONNULL = YES;
				CLANG_ANALYZER_NUMBER_OBJECT_CONVERSION = YES_AGGRESSIVE;
				CLANG_CXX_LANGUAGE_STANDARD = "gnu++20";
				CLANG_ENABLE_MODULES = YES;
				CLANG_ENABLE_OBJC_ARC = YES;
				CLANG_ENABLE_OBJC_WEAK = YES;
				CLANG_WARN_BLOCK_CAPTURE_AUTORELEASING = YES;
				CLANG_WARN_BOOL_CONVERSION = YES;
				CLANG_WARN_COMMA = YES;
				CLANG_WARN_CONSTANT_CONVERSION = YES;
				CLANG_WARN_DEPRECATED_OBJC_IMPLEMENTATIONS = YES;
				CLANG_WARN_DIRECT_OBJC_ISA_USAGE = YES_ERROR;
				CLANG_WARN_DOCUMENTATION_COMMENTS = YES;
				CLANG_WARN_EMPTY_BODY = YES;
				CLANG_WARN_ENUM_CONVERSION = YES;
				CLANG_WARN_INFINITE_RECURSION = YES;
				CLANG_WARN_INT_CONVERSION = YES;
				CLANG_WARN_NON_LITERAL_NULL_CONVERSION = YES;
				CLANG_WARN_OBJC_IMPLICIT_RETAIN_SELF = YES;
				CLANG_WARN_OBJC_LITERAL_CONVERSION = YES;
				CLANG_WARN_OBJC_ROOT_CLASS = YES_ERROR;
				CLANG_WARN_QUOTED_INCLUDE_IN_FRAMEWORK_HEADER = YES;
				CLANG_WARN_RANGE_LOOP_ANALYSIS = YES;
				CLANG_WARN_STRICT_PROTOTYPES = YES;
				CLANG_WARN_SUSPICIOUS_MOVE = YES;
				CLANG_WARN_UNGUARDED_AVAILABILITY = YES_AGGRESSIVE;
				CLANG_WARN_UNREACHABLE_CODE = YES;
				CLANG_WARN__DUPLICATE_METHOD_MATCH = YES;
				COPY_PHASE_STRIP = NO;
				DEBUG_INFORMATION_FORMAT = "dwarf-with-dsym";
				ENABLE_NS_ASSERTIONS = NO;
				ENABLE_STRICT_OBJC_MSGSEND = YES;
				ENABLE_USER_SCRIPT_SANDBOXING = YES;
				GCC_C_LANGUAGE_STANDARD = gnu17;
				GCC_NO_COMMON_BLOCKS = YES;
				GCC_WARN_64_TO_32_BIT_CONVERSION = YES;
				GCC_WARN_ABOUT_RETURN_TYPE = YES_ERROR;
				GCC_WARN_UNDECLARED_SELECTOR = YES;
				GCC_WARN_UNINITIALIZED_AUTOS = YES_AGGRESSIVE;
				GCC_WARN_UNUSED_FUNCTION = YES;
				GCC_WARN_UNUSED_VARIABLE = YES;
				IPHONEOS_DEPLOYMENT_TARGET = 17.2;
				LOCALIZATION_PREFERS_STRING_CATALOGS = YES;
				MTL_ENABLE_DEBUG_INFO = NO;
				MTL_FAST_MATH = YES;
				SDKROOT = iphoneos;
				SWIFT_COMPILATION_MODE = wholemodule;
				VALIDATE_PRODUCT = YES;
			};
			name = Release;
		};
		23048F482B37F16A0096CE41 /* Debug */ = {
			isa = XCBuildConfiguration;
			baseConfigurationReference = 6B4609E75A9998AAE32B72B8 /* Pods-TestLSTM.debug.xcconfig */;
			buildSettings = {
				ASSETCATALOG_COMPILER_APPICON_NAME = AppIcon;
				ASSETCATALOG_COMPILER_GLOBAL_ACCENT_COLOR_NAME = AccentColor;
				CODE_SIGN_STYLE = Automatic;
				CURRENT_PROJECT_VERSION = 1;
				DEVELOPMENT_ASSET_PATHS = "\"TestLSTM/Preview Content\"";
				ENABLE_PREVIEWS = YES;
				GENERATE_INFOPLIST_FILE = YES;
				INFOPLIST_KEY_UIApplicationSceneManifest_Generation = YES;
				INFOPLIST_KEY_UIApplicationSupportsIndirectInputEvents = YES;
				INFOPLIST_KEY_UILaunchScreen_Generation = YES;
				INFOPLIST_KEY_UISupportedInterfaceOrientations_iPad = "UIInterfaceOrientationPortrait UIInterfaceOrientationPortraitUpsideDown UIInterfaceOrientationLandscapeLeft UIInterfaceOrientationLandscapeRight";
				INFOPLIST_KEY_UISupportedInterfaceOrientations_iPhone = "UIInterfaceOrientationPortrait UIInterfaceOrientationLandscapeLeft UIInterfaceOrientationLandscapeRight";
				LD_RUNPATH_SEARCH_PATHS = (
					"$(inherited)",
					"@executable_path/Frameworks",
				);
				MARKETING_VERSION = 1.0;
				PRODUCT_BUNDLE_IDENTIFIER = tutorial.TestLSTM;
				PRODUCT_NAME = "$(TARGET_NAME)";
				SWIFT_EMIT_LOC_STRINGS = YES;
				SWIFT_VERSION = 5.0;
				TARGETED_DEVICE_FAMILY = "1,2";
			};
			name = Debug;
		};
		23048F492B37F16A0096CE41 /* Release */ = {
			isa = XCBuildConfiguration;
			baseConfigurationReference = 02E7D96184476BD094E70579 /* Pods-TestLSTM.release.xcconfig */;
			buildSettings = {
				ASSETCATALOG_COMPILER_APPICON_NAME = AppIcon;
				ASSETCATALOG_COMPILER_GLOBAL_ACCENT_COLOR_NAME = AccentColor;
				CODE_SIGN_STYLE = Automatic;
				CURRENT_PROJECT_VERSION = 1;
				DEVELOPMENT_ASSET_PATHS = "\"TestLSTM/Preview Content\"";
				ENABLE_PREVIEWS = YES;
				GENERATE_INFOPLIST_FILE = YES;
				INFOPLIST_KEY_UIApplicationSceneManifest_Generation = YES;
				INFOPLIST_KEY_UIApplicationSupportsIndirectInputEvents = YES;
				INFOPLIST_KEY_UILaunchScreen_Generation = YES;
				INFOPLIST_KEY_UISupportedInterfaceOrientations_iPad = "UIInterfaceOrientationPortrait UIInterfaceOrientationPortraitUpsideDown UIInterfaceOrientationLandscapeLeft UIInterfaceOrientationLandscapeRight";
				INFOPLIST_KEY_UISupportedInterfaceOrientations_iPhone = "UIInterfaceOrientationPortrait UIInterfaceOrientationLandscapeLeft UIInterfaceOrientationLandscapeRight";
				LD_RUNPATH_SEARCH_PATHS = (
					"$(inherited)",
					"@executable_path/Frameworks",
				);
				MARKETING_VERSION = 1.0;
				PRODUCT_BUNDLE_IDENTIFIER = tutorial.TestLSTM;
				PRODUCT_NAME = "$(TARGET_NAME)";
				SWIFT_EMIT_LOC_STRINGS = YES;
				SWIFT_VERSION = 5.0;
				TARGETED_DEVICE_FAMILY = "1,2";
			};
			name = Release;
		};
/* End XCBuildConfiguration section */

/* Begin XCConfigurationList section */
		23048F342B37F1690096CE41 /* Build configuration list for PBXProject "TestLSTM" */ = {
			isa = XCConfigurationList;
			buildConfigurations = (
				23048F452B37F16A0096CE41 /* Debug */,
				23048F462B37F16A0096CE41 /* Release */,
			);
			defaultConfigurationIsVisible = 0;
			defaultConfigurationName = Release;
		};
		23048F472B37F16A0096CE41 /* Build configuration list for PBXNativeTarget "TestLSTM" */ = {
			isa = XCConfigurationList;
			buildConfigurations = (
				23048F482B37F16A0096CE41 /* Debug */,
				23048F492B37F16A0096CE41 /* Release */,
			);
			defaultConfigurationIsVisible = 0;
			defaultConfigurationName = Release;
		};
/* End XCConfigurationList section */
	};
	rootObject = 23048F312B37F1690096CE41 /* Project object */;
}
